
Microsoft Visual Studio Solution File, Format Version 12.00
# Visual Studio Version 16
VisualStudioVersion = 16.0.31321.278
MinimumVisualStudioVersion = 10.0.40219.1
Project("{FAE04EC0-301F-11D3-BF4B-00C04F79EFBC}") = "Interface", "ProgramUI\Interface.csproj", "{052C878D-37D9-46E2-A125-63127F534CAF}"
EndProject
Project("{FAE04EC0-301F-11D3-BF4B-00C04F79EFBC}") = "Developers", "Developers\Developers.csproj", "{0BABD3F5-5A39-4AAF-AD73-F2DD2CCE7520}"
EndProject
Project("{FAE04EC0-301F-11D3-BF4B-00C04F79EFBC}") = "DeveloperTeams", "DevTeams\DeveloperTeams.csproj", "{5DCE8E1E-B5A1-4C39-BB95-207A50CAA5D1}"
EndProject
Global
	GlobalSection(SolutionConfigurationPlatforms) = preSolution
		Debug|Any CPU = Debug|Any CPU
		Release|Any CPU = Release|Any CPU
	EndGlobalSection
	GlobalSection(ProjectConfigurationPlatforms) = postSolution
		{052C878D-37D9-46E2-A125-63127F534CAF}.Debug|Any CPU.ActiveCfg = Debug|Any CPU
		{052C878D-37D9-46E2-A125-63127F534CAF}.Debug|Any CPU.Build.0 = Debug|Any CPU
		{052C878D-37D9-46E2-A125-63127F534CAF}.Release|Any CPU.ActiveCfg = Release|Any CPU
		{052C878D-37D9-46E2-A125-63127F534CAF}.Release|Any CPU.Build.0 = Release|Any CPU
		{0BABD3F5-5A39-4AAF-AD73-F2DD2CCE7520}.Debug|Any CPU.ActiveCfg = Debug|Any CPU
		{0BABD3F5-5A39-4AAF-AD73-F2DD2CCE7520}.Debug|Any CPU.Build.0 = Debug|Any CPU
		{0BABD3F5-5A39-4AAF-AD73-F2DD2CCE7520}.Release|Any CPU.ActiveCfg = Release|Any CPU
		{0BABD3F5-5A39-4AAF-AD73-F2DD2CCE7520}.Release|Any CPU.Build.0 = Release|Any CPU
		{5DCE8E1E-B5A1-4C39-BB95-207A50CAA5D1}.Debug|Any CPU.ActiveCfg = Debug|Any CPU
		{5DCE8E1E-B5A1-4C39-BB95-207A50CAA5D1}.Debug|Any CPU.Build.0 = Debug|Any CPU
		{5DCE8E1E-B5A1-4C39-BB95-207A50CAA5D1}.Release|Any CPU.ActiveCfg = Release|Any CPU
		{5DCE8E1E-B5A1-4C39-BB95-207A50CAA5D1}.Release|Any CPU.Build.0 = Release|Any CPU
	EndGlobalSection
	GlobalSection(SolutionProperties) = preSolution
		HideSolutionNode = FALSE
	EndGlobalSection
	GlobalSection(ExtensibilityGlobals) = postSolution
		SolutionGuid = {0221A6B8-AE3A-457A-8728-F014C02FB385}
	EndGlobalSection
EndGlobal
